// !$*UTF8*$!
{
	archiveVersion = 1;
	classes = {
	};
	objectVersion = 50;
	objects = {

/* Begin PBXBuildFile section */
		28F5E09921A647840048E41F /* AppDelegate.m in Sources */ = {isa = PBXBuildFile; fileRef = 28F5E09821A647840048E41F /* AppDelegate.m */; };
		28F5E09F21A647840048E41F /* Main.storyboard in Resources */ = {isa = PBXBuildFile; fileRef = 28F5E09D21A647840048E41F /* Main.storyboard */; };
		28F5E0A221A647840048E41F /* __OC____.xcdatamodeld in Sources */ = {isa = PBXBuildFile; fileRef = 28F5E0A021A647840048E41F /* __OC____.xcdatamodeld */; };
		28F5E0A421A647850048E41F /* Assets.xcassets in Resources */ = {isa = PBXBuildFile; fileRef = 28F5E0A321A647850048E41F /* Assets.xcassets */; };
		28F5E0A721A647850048E41F /* LaunchScreen.storyboard in Resources */ = {isa = PBXBuildFile; fileRef = 28F5E0A521A647850048E41F /* LaunchScreen.storyboard */; };
		28F5E0AA21A647860048E41F /* main.m in Sources */ = {isa = PBXBuildFile; fileRef = 28F5E0A921A647860048E41F /* main.m */; };
		28F5E0B221A647C70048E41F /* NSUserDefaultVC.m in Sources */ = {isa = PBXBuildFile; fileRef = 28F5E0B121A647C70048E41F /* NSUserDefaultVC.m */; };
		28F5E0B521A648070048E41F /* PlistVC.m in Sources */ = {isa = PBXBuildFile; fileRef = 28F5E0B421A648070048E41F /* PlistVC.m */; };
		28F5E0B821A6481C0048E41F /* NSCoderVC.m in Sources */ = {isa = PBXBuildFile; fileRef = 28F5E0B721A6481C0048E41F /* NSCoderVC.m */; };
		28F5E0BB21A6EC1F0048E41F /* ZQModel.m in Sources */ = {isa = PBXBuildFile; fileRef = 28F5E0BA21A6EC1F0048E41F /* ZQModel.m */; };
/* End PBXBuildFile section */

/* Begin PBXFileReference section */
		28F5E09421A647840048E41F /* 关于OC中的储存.app */ = {isa = PBXFileReference; explicitFileType = wrapper.application; includeInIndex = 0; path = "关于OC中的储存.app"; sourceTree = BUILT_PRODUCTS_DIR; };
		28F5E09721A647840048E41F /* AppDelegate.h */ = {isa = PBXFileReference; lastKnownFileType = sourcecode.c.h; path = AppDelegate.h; sourceTree = "<group>"; };
		28F5E09821A647840048E41F /* AppDelegate.m */ = {isa = PBXFileReference; lastKnownFileType = sourcecode.c.objc; path = AppDelegate.m; sourceTree = "<group>"; };
		28F5E09E21A647840048E41F /* Base */ = {isa = PBXFileReference; lastKnownFileType = file.storyboard; name = Base; path = Base.lproj/Main.storyboard; sourceTree = "<group>"; };
		28F5E0A121A647840048E41F /* __OC____.xcdatamodel */ = {isa = PBXFileReference; lastKnownFileType = wrapper.xcdatamodel; path = "__OC____.xcdatamodel"; sourceTree = "<group>"; };
		28F5E0A321A647850048E41F /* Assets.xcassets */ = {isa = PBXFileReference; lastKnownFileType = folder.assetcatalog; path = Assets.xcassets; sourceTree = "<group>"; };
		28F5E0A621A647850048E41F /* Base */ = {isa = PBXFileReference; lastKnownFileType = file.storyboard; name = Base; path = Base.lproj/LaunchScreen.storyboard; sourceTree = "<group>"; };
		28F5E0A821A647860048E41F /* Info.plist */ = {isa = PBXFileReference; lastKnownFileType = text.plist.xml; path = Info.plist; sourceTree = "<group>"; };
		28F5E0A921A647860048E41F /* main.m */ = {isa = PBXFileReference; lastKnownFileType = sourcecode.c.objc; path = main.m; sourceTree = "<group>"; };
		28F5E0B021A647C70048E41F /* NSUserDefaultVC.h */ = {isa = PBXFileReference; lastKnownFileType = sourcecode.c.h; path = NSUserDefaultVC.h; sourceTree = "<group>"; };
		28F5E0B121A647C70048E41F /* NSUserDefaultVC.m */ = {isa = PBXFileReference; lastKnownFileType = sourcecode.c.objc; path = NSUserDefaultVC.m; sourceTree = "<group>"; };
		28F5E0B321A648070048E41F /* PlistVC.h */ = {isa = PBXFileReference; lastKnownFileType = sourcecode.c.h; path = PlistVC.h; sourceTree = "<group>"; };
		28F5E0B421A648070048E41F /* PlistVC.m */ = {isa = PBXFileReference; lastKnownFileType = sourcecode.c.objc; path = PlistVC.m; sourceTree = "<group>"; };
		28F5E0B621A6481C0048E41F /* NSCoderVC.h */ = {isa = PBXFileReference; lastKnownFileType = sourcecode.c.h; path = NSCoderVC.h; sourceTree = "<group>"; };
		28F5E0B721A6481C0048E41F /* NSCoderVC.m */ = {isa = PBXFileReference; lastKnownFileType = sourcecode.c.objc; path = NSCoderVC.m; sourceTree = "<group>"; };
		28F5E0B921A6EC1F0048E41F /* ZQModel.h */ = {isa = PBXFileReference; lastKnownFileType = sourcecode.c.h; path = ZQModel.h; sourceTree = "<group>"; };
		28F5E0BA21A6EC1F0048E41F /* ZQModel.m */ = {isa = PBXFileReference; lastKnownFileType = sourcecode.c.objc; path = ZQModel.m; sourceTree = "<group>"; };
/* End PBXFileReference section */

/* Begin PBXFrameworksBuildPhase section */
		28F5E09121A647840048E41F /* Frameworks */ = {
			isa = PBXFrameworksBuildPhase;
			buildActionMask = 2147483647;
			files = (
			);
			runOnlyForDeploymentPostprocessing = 0;
		};
/* End PBXFrameworksBuildPhase section */

/* Begin PBXGroup section */
		28F5E08B21A647840048E41F = {
			isa = PBXGroup;
			children = (
				28F5E09621A647840048E41F /* 关于OC中的储存 */,
				28F5E09521A647840048E41F /* Products */,
			);
			sourceTree = "<group>";
		};
		28F5E09521A647840048E41F /* Products */ = {
			isa = PBXGroup;
			children = (
				28F5E09421A647840048E41F /* 关于OC中的储存.app */,
			);
			name = Products;
			sourceTree = "<group>";
		};
		28F5E09621A647840048E41F /* 关于OC中的储存 */ = {
			isa = PBXGroup;
			children = (
				28F5E09721A647840048E41F /* AppDelegate.h */,
				28F5E09821A647840048E41F /* AppDelegate.m */,
				28F5E0B321A648070048E41F /* PlistVC.h */,
				28F5E0B421A648070048E41F /* PlistVC.m */,
				28F5E0B021A647C70048E41F /* NSUserDefaultVC.h */,
				28F5E0B121A647C70048E41F /* NSUserDefaultVC.m */,
				28F5E0B621A6481C0048E41F /* NSCoderVC.h */,
				28F5E0B721A6481C0048E41F /* NSCoderVC.m */,
				28F5E0B921A6EC1F0048E41F /* ZQModel.h */,
				28F5E0BA21A6EC1F0048E41F /* ZQModel.m */,
				28F5E09D21A647840048E41F /* Main.storyboard */,
				28F5E0A321A647850048E41F /* Assets.xcassets */,
				28F5E0A521A647850048E41F /* LaunchScreen.storyboard */,
				28F5E0A821A647860048E41F /* Info.plist */,
				28F5E0A921A647860048E41F /* main.m */,
				28F5E0A021A647840048E41F /* __OC____.xcdatamodeld */,
			);
			path = "关于OC中的储存";
			sourceTree = "<group>";
		};
/* End PBXGroup section */

/* Begin PBXNativeTarget section */
		28F5E09321A647840048E41F /* 关于OC中的储存 */ = {
			isa = PBXNativeTarget;
			buildConfigurationList = 28F5E0AD21A647860048E41F /* Build configuration list for PBXNativeTarget "关于OC中的储存" */;
			buildPhases = (
				28F5E09021A647840048E41F /* Sources */,
				28F5E09121A647840048E41F /* Frameworks */,
				28F5E09221A647840048E41F /* Resources */,
			);
			buildRules = (
			);
			dependencies = (
			);
			name = "关于OC中的储存";
			productName = "关于OC中的储存";
			productReference = 28F5E09421A647840048E41F /* 关于OC中的储存.app */;
			productType = "com.apple.product-type.application";
		};
/* End PBXNativeTarget section */

/* Begin PBXProject section */
		28F5E08C21A647840048E41F /* Project object */ = {
			isa = PBXProject;
			attributes = {
				LastUpgradeCheck = 1010;
				ORGANIZATIONNAME = ZQ;
				TargetAttributes = {
					28F5E09321A647840048E41F = {
						CreatedOnToolsVersion = 10.1;
					};
				};
			};
			buildConfigurationList = 28F5E08F21A647840048E41F /* Build configuration list for PBXProject "关于OC中的储存" */;
			compatibilityVersion = "Xcode 9.3";
			developmentRegion = en;
			hasScannedForEncodings = 0;
			knownRegions = (
				en,
				Base,
			);
			mainGroup = 28F5E08B21A647840048E41F;
			productRefGroup = 28F5E09521A647840048E41F /* Products */;
			projectDirPath = "";
			projectRoot = "";
			targets = (
				28F5E09321A647840048E41F /* 关于OC中的储存 */,
			);
		};
/* End PBXProject section */

/* Begin PBXResourcesBuildPhase section */
		28F5E09221A647840048E41F /* Resources */ = {
			isa = PBXResourcesBuildPhase;
			buildActionMask = 2147483647;
			files = (
				28F5E0A721A647850048E41F /* LaunchScreen.storyboard in Resources */,
				28F5E0A421A647850048E41F /* Assets.xcassets in Resources */,
				28F5E09F21A647840048E41F /* Main.storyboard in Resources */,
			);
			runOnlyForDeploymentPostprocessing = 0;
		};
/* End PBXResourcesBuildPhase section */

/* Begin PBXSourcesBuildPhase section */
		28F5E09021A647840048E41F /* Sources */ = {
			isa = PBXSourcesBuildPhase;
			buildActionMask = 2147483647;
			files = (
				28F5E09921A647840048E41F /* AppDelegate.m in Sources */,
				28F5E0AA21A647860048E41F /* main.m in Sources */,
				28F5E0B221A647C70048E41F /* NSUserDefaultVC.m in Sources */,
				28F5E0BB21A6EC1F0048E41F /* ZQModel.m in Sources */,
				28F5E0B521A648070048E41F /* PlistVC.m in Sources */,
				28F5E0A221A647840048E41F /* __OC____.xcdatamodeld in Sources */,
				28F5E0B821A6481C0048E41F /* NSCoderVC.m in Sources */,
			);
			runOnlyForDeploymentPostprocessing = 0;
		};
/* End PBXSourcesBuildPhase section */

/* Begin PBXVariantGroup section */
		28F5E09D21A647840048E41F /* Main.storyboard */ = {
			isa = PBXVariantGroup;
			children = (
				28F5E09E21A647840048E41F /* Base */,
			);
			name = Main.storyboard;
			sourceTree = "<group>";
		};
		28F5E0A521A647850048E41F /* LaunchScreen.storyboard */ = {
			isa = PBXVariantGroup;
			children = (
				28F5E0A621A647850048E41F /* Base */,
			);
			name = LaunchScreen.storyboard;
			sourceTree = "<group>";
		};
/* End PBXVariantGroup section */

/* Begin XCBuildConfiguration section */
		28F5E0AB21A647860048E41F /* Debug */ = {
			isa = XCBuildConfiguration;
			buildSettings = {
				ALWAYS_SEARCH_USER_PATHS = NO;
				CLANG_ANALYZER_NONNULL = YES;
				CLANG_ANALYZER_NUMBER_OBJECT_CONVERSION = YES_AGGRESSIVE;
				CLANG_CXX_LANGUAGE_STANDARD = "gnu++14";
				CLANG_CXX_LIBRARY = "libc++";
				CLANG_ENABLE_MODULES = YES;
				CLANG_ENABLE_OBJC_ARC = YES;
				CLANG_ENABLE_OBJC_WEAK = YES;
				CLANG_WARN_BLOCK_CAPTURE_AUTORELEASING = YES;
				CLANG_WARN_BOOL_CONVERSION = YES;
				CLANG_WARN_COMMA = YES;
				CLANG_WARN_CONSTANT_CONVERSION = YES;
				CLANG_WARN_DEPRECATED_OBJC_IMPLEMENTATIONS = YES;
				CLANG_WARN_DIRECT_OBJC_ISA_USAGE = YES_ERROR;
				CLANG_WARN_DOCUMENTATION_COMMENTS = YES;
				CLANG_WARN_EMPTY_BODY = YES;
				CLANG_WARN_ENUM_CONVERSION = YES;
				CLANG_WARN_INFINITE_RECURSION = YES;
				CLANG_WARN_INT_CONVERSION = YES;
				CLANG_WARN_NON_LITERAL_NULL_CONVERSION = YES;
				CLANG_WARN_OBJC_IMPLICIT_RETAIN_SELF = YES;
				CLANG_WARN_OBJC_LITERAL_CONVERSION = YES;
				CLANG_WARN_OBJC_ROOT_CLASS = YES_ERROR;
				CLANG_WARN_RANGE_LOOP_ANALYSIS = YES;
				CLANG_WARN_STRICT_PROTOTYPES = YES;
				CLANG_WARN_SUSPICIOUS_MOVE = YES;
				CLANG_WARN_UNGUARDED_AVAILABILITY = YES_AGGRESSIVE;
				CLANG_WARN_UNREACHABLE_CODE = YES;
				CLANG_WARN__DUPLICATE_METHOD_MATCH = YES;
				CODE_SIGN_IDENTITY = "iPhone Developer";
				COPY_PHASE_STRIP = NO;
				DEBUG_INFORMATION_FORMAT = dwarf;
				ENABLE_STRICT_OBJC_MSGSEND = YES;
				ENABLE_TESTABILITY = YES;
				GCC_C_LANGUAGE_STANDARD = gnu11;
				GCC_DYNAMIC_NO_PIC = NO;
				GCC_NO_COMMON_BLOCKS = YES;
				GCC_OPTIMIZATION_LEVEL = 0;
				GCC_PREPROCESSOR_DEFINITIONS = (
					"DEBUG=1",
					"$(inherited)",
				);
				GCC_WARN_64_TO_32_BIT_CONVERSION = YES;
				GCC_WARN_ABOUT_RETURN_TYPE = YES_ERROR;
				GCC_WARN_UNDECLARED_SELECTOR = YES;
				GCC_WARN_UNINITIALIZED_AUTOS = YES_AGGRESSIVE;
				GCC_WARN_UNUSED_FUNCTION = YES;
				GCC_WARN_UNUSED_VARIABLE = YES;
				IPHONEOS_DEPLOYMENT_TARGET = 12.1;
				MTL_ENABLE_DEBUG_INFO = INCLUDE_SOURCE;
				MTL_FAST_MATH = YES;
				ONLY_ACTIVE_ARCH = YES;
				SDKROOT = iphoneos;
			};
			name = Debug;
		};
		28F5E0AC21A647860048E41F /* Release */ = {
			isa = XCBuildConfiguration;
			buildSettings = {
				ALWAYS_SEARCH_USER_PATHS = NO;
				CLANG_ANALYZER_NONNULL = YES;
				CLANG_ANALYZER_NUMBER_OBJECT_CONVERSION = YES_AGGRESSIVE;
				CLANG_CXX_LANGUAGE_STANDARD = "gnu++14";
				CLANG_CXX_LIBRARY = "libc++";
				CLANG_ENABLE_MODULES = YES;
				CLANG_ENABLE_OBJC_ARC = YES;
				CLANG_ENABLE_OBJC_WEAK = YES;
				CLANG_WARN_BLOCK_CAPTURE_AUTORELEASING = YES;
				CLANG_WARN_BOOL_CONVERSION = YES;
				CLANG_WARN_COMMA = YES;
				CLANG_WARN_CONSTANT_CONVERSION = YES;
				CLANG_WARN_DEPRECATED_OBJC_IMPLEMENTATIONS = YES;
				CLANG_WARN_DIRECT_OBJC_ISA_USAGE = YES_ERROR;
				CLANG_WARN_DOCUMENTATION_COMMENTS = YES;
				CLANG_WARN_EMPTY_BODY = YES;
				CLANG_WARN_ENUM_CONVERSION = YES;
				CLANG_WARN_INFINITE_RECURSION = YES;
				CLANG_WARN_INT_CONVERSION = YES;
				CLANG_WARN_NON_LITERAL_NULL_CONVERSION = YES;
				CLANG_WARN_OBJC_IMPLICIT_RETAIN_SELF = YES;
				CLANG_WARN_OBJC_LITERAL_CONVERSION = YES;
				CLANG_WARN_OBJC_ROOT_CLASS = YES_ERROR;
				CLANG_WARN_RANGE_LOOP_ANALYSIS = YES;
				CLANG_WARN_STRICT_PROTOTYPES = YES;
				CLANG_WARN_SUSPICIOUS_MOVE = YES;
				CLANG_WARN_UNGUARDED_AVAILABILITY = YES_AGGRESSIVE;
				CLANG_WARN_UNREACHABLE_CODE = YES;
				CLANG_WARN__DUPLICATE_METHOD_MATCH = YES;
				CODE_SIGN_IDENTITY = "iPhone Developer";
				COPY_PHASE_STRIP = NO;
				DEBUG_INFORMATION_FORMAT = "dwarf-with-dsym";
				ENABLE_NS_ASSERTIONS = NO;
				ENABLE_STRICT_OBJC_MSGSEND = YES;
				GCC_C_LANGUAGE_STANDARD = gnu11;
				GCC_NO_COMMON_BLOCKS = YES;
				GCC_WARN_64_TO_32_BIT_CONVERSION = YES;
				GCC_WARN_ABOUT_RETURN_TYPE = YES_ERROR;
				GCC_WARN_UNDECLARED_SELECTOR = YES;
				GCC_WARN_UNINITIALIZED_AUTOS = YES_AGGRESSIVE;
				GCC_WARN_UNUSED_FUNCTION = YES;
				GCC_WARN_UNUSED_VARIABLE = YES;
				IPHONEOS_DEPLOYMENT_TARGET = 12.1;
				MTL_ENABLE_DEBUG_INFO = NO;
				MTL_FAST_MATH = YES;
				SDKROOT = iphoneos;
				VALIDATE_PRODUCT = YES;
			};
			name = Release;
		};
		28F5E0AE21A647860048E41F /* Debug */ = {
			isa = XCBuildConfiguration;
			buildSettings = {
				ASSETCATALOG_COMPILER_APPICON_NAME = AppIcon;
				CODE_SIGN_STYLE = Automatic;
				DEVELOPMENT_TEAM = 6E5UP45M2S;
				INFOPLIST_FILE = "关于OC中的储存/Info.plist";
				LD_RUNPATH_SEARCH_PATHS = (
					"$(inherited)",
					"@executable_path/Frameworks",
				);
				PRODUCT_BUNDLE_IDENTIFIER = "didikon.--OC----";
				PRODUCT_NAME = "$(TARGET_NAME)";
				TARGETED_DEVICE_FAMILY = "1,2";
			};
			name = Debug;
		};
		28F5E0AF21A647860048E41F /* Release */ = {
			isa = XCBuildConfiguration;
			buildSettings = {
				ASSETCATALOG_COMPILER_APPICON_NAME = AppIcon;
				CODE_SIGN_STYLE = Automatic;
				DEVELOPMENT_TEAM = 6E5UP45M2S;
				INFOPLIST_FILE = "关于OC中的储存/Info.plist";
				LD_RUNPATH_SEARCH_PATHS = (
					"$(inherited)",
					"@executable_path/Frameworks",
				);
				PRODUCT_BUNDLE_IDENTIFIER = "didikon.--OC----";
				PRODUCT_NAME = "$(TARGET_NAME)";
				TARGETED_DEVICE_FAMILY = "1,2";
			};
			name = Release;
		};
/* End XCBuildConfiguration section */

/* Begin XCConfigurationList section */
		28F5E08F21A647840048E41F /* Build configuration list for PBXProject "关于OC中的储存" */ = {
			isa = XCConfigurationList;
			buildConfigurations = (
				28F5E0AB21A647860048E41F /* Debug */,
				28F5E0AC21A647860048E41F /* Release */,
			);
			defaultConfigurationIsVisible = 0;
			defaultConfigurationName = Release;
		};
		28F5E0AD21A647860048E41F /* Build configuration list for PBXNativeTarget "关于OC中的储存" */ = {
			isa = XCConfigurationList;
			buildConfigurations = (
				28F5E0AE21A647860048E41F /* Debug */,
				28F5E0AF21A647860048E41F /* Release */,
			);
			defaultConfigurationIsVisible = 0;
			defaultConfigurationName = Release;
		};
/* End XCConfigurationList section */

/* Begin XCVersionGroup section */
		28F5E0A021A647840048E41F /* __OC____.xcdatamodeld */ = {
			isa = XCVersionGroup;
			children = (
				28F5E0A121A647840048E41F /* __OC____.xcdatamodel */,
			);
			currentVersion = 28F5E0A121A647840048E41F /* __OC____.xcdatamodel */;
			path = "__OC____.xcdatamodeld";
			sourceTree = "<group>";
			versionGroupType = wrapper.xcdatamodel;
		};
/* End XCVersionGroup section */
	};
	rootObject = 28F5E08C21A647840048E41F /* Project object */;
}
